
Microsoft Visual Studio Solution File, Format Version 12.00
# Visual Studio 15
VisualStudioVersion = 15.0.28307.329
MinimumVisualStudioVersion = 10.0.40219.1
Project("{9A19103F-16F7-4668-BE54-9A1E7A4F7556}") = "OnlineGameStore", "OnlineGameStore\OnlineGameStore.csproj", "{80DAC590-61AB-4DD7-A8A4-4397F15D7ED4}"
	ProjectSection(ProjectDependencies) = postProject
		{5CC74F6F-0D5A-4C2D-8CCA-25C8DA90DDC8} = {5CC74F6F-0D5A-4C2D-8CCA-25C8DA90DDC8}
	EndProjectSection
EndProject
Project("{9A19103F-16F7-4668-BE54-9A1E7A4F7556}") = "OnlineGameStore.Domain", "OnlineGameStore.Domain\OnlineGameStore.Domain.csproj", "{5CC74F6F-0D5A-4C2D-8CCA-25C8DA90DDC8}"
EndProject
Project("{9A19103F-16F7-4668-BE54-9A1E7A4F7556}") = "OnlineGameStore.Data", "OnlineGameStore.Data\OnlineGameStore.Data.csproj", "{B6913938-426D-437E-857E-45BBFF406835}"
EndProject
Project("{FAE04EC0-301F-11D3-BF4B-00C04F79EFBC}") = "OnlineGameStore.Tests", "OnlineGameStore.Tests\OnlineGameStore.Tests.csproj", "{EA1308CF-2DCE-471D-9244-7E840BDE95D8}"
EndProject
Global
	GlobalSection(SolutionConfigurationPlatforms) = preSolution
		Debug|Any CPU = Debug|Any CPU
		Release|Any CPU = Release|Any CPU
	EndGlobalSection
	GlobalSection(ProjectConfigurationPlatforms) = postSolution
		{80DAC590-61AB-4DD7-A8A4-4397F15D7ED4}.Debug|Any CPU.ActiveCfg = Debug|Any CPU
		{80DAC590-61AB-4DD7-A8A4-4397F15D7ED4}.Debug|Any CPU.Build.0 = Debug|Any CPU
		{80DAC590-61AB-4DD7-A8A4-4397F15D7ED4}.Release|Any CPU.ActiveCfg = Release|Any CPU
		{80DAC590-61AB-4DD7-A8A4-4397F15D7ED4}.Release|Any CPU.Build.0 = Release|Any CPU
		{5CC74F6F-0D5A-4C2D-8CCA-25C8DA90DDC8}.Debug|Any CPU.ActiveCfg = Debug|Any CPU
		{5CC74F6F-0D5A-4C2D-8CCA-25C8DA90DDC8}.Debug|Any CPU.Build.0 = Debug|Any CPU
		{5CC74F6F-0D5A-4C2D-8CCA-25C8DA90DDC8}.Release|Any CPU.ActiveCfg = Release|Any CPU
		{5CC74F6F-0D5A-4C2D-8CCA-25C8DA90DDC8}.Release|Any CPU.Build.0 = Release|Any CPU
		{B6913938-426D-437E-857E-45BBFF406835}.Debug|Any CPU.ActiveCfg = Debug|Any CPU
		{B6913938-426D-437E-857E-45BBFF406835}.Debug|Any CPU.Build.0 = Debug|Any CPU
		{B6913938-426D-437E-857E-45BBFF406835}.Release|Any CPU.ActiveCfg = Release|Any CPU
		{B6913938-426D-437E-857E-45BBFF406835}.Release|Any CPU.Build.0 = Release|Any CPU
		{EA1308CF-2DCE-471D-9244-7E840BDE95D8}.Debug|Any CPU.ActiveCfg = Debug|Any CPU
		{EA1308CF-2DCE-471D-9244-7E840BDE95D8}.Debug|Any CPU.Build.0 = Debug|Any CPU
		{EA1308CF-2DCE-471D-9244-7E840BDE95D8}.Release|Any CPU.ActiveCfg = Release|Any CPU
		{EA1308CF-2DCE-471D-9244-7E840BDE95D8}.Release|Any CPU.Build.0 = Release|Any CPU
	EndGlobalSection
	GlobalSection(SolutionProperties) = preSolution
		HideSolutionNode = FALSE
	EndGlobalSection
	GlobalSection(ExtensibilityGlobals) = postSolution
		SolutionGuid = {CC028108-F323-48F0-BBC2-ACE7D03A72AF}
	EndGlobalSection
EndGlobal
